
Microsoft Visual Studio Solution File, Format Version 12.00
# Visual Studio Version 17
VisualStudioVersion = 17.0.31903.59
MinimumVisualStudioVersion = 10.0.40219.1
Project("{2150E333-8FDC-42A3-9474-1A3956D46DE8}") = "src", "src", "{827E0CD3-B72D-47B6-A68D-7590B98EB39B}"
EndProject
Project("{FAE04EC0-301F-11D3-BF4B-00C04F79EFBC}") = "SPINbuster.AI", "src\SPINbuster.AI\SPINbuster.AI.csproj", "{1BC35744-2E59-41A6-A2EC-74EC05BAAFAC}"
EndProject
Project("{FAE04EC0-301F-11D3-BF4B-00C04F79EFBC}") = "SPINbuster.Application", "src\SPINbuster.Application\SPINbuster.Application.csproj", "{AC11624A-BD79-44E5-ADD1-C90C35AF37F9}"
EndProject
Project("{FAE04EC0-301F-11D3-BF4B-00C04F79EFBC}") = "SPINbuster.Desktop", "src\SPINbuster.Desktop\SPINbuster.Desktop.csproj", "{0CC74C8E-0F9F-4C33-9929-7C3A966BC3BA}"
EndProject
Project("{FAE04EC0-301F-11D3-BF4B-00C04F79EFBC}") = "SPINbuster.Documents", "src\SPINbuster.Documents\SPINbuster.Documents.csproj", "{B69F458D-7F76-49DA-BEF0-3110B9B97313}"
EndProject
Project("{FAE04EC0-301F-11D3-BF4B-00C04F79EFBC}") = "SPINbuster.Domain", "src\SPINbuster.Domain\SPINbuster.Domain.csproj", "{C9D564E0-7FEE-4F16-B98F-9BF85B06315B}"
EndProject
Project("{FAE04EC0-301F-11D3-BF4B-00C04F79EFBC}") = "SPINbuster.Infrastructure", "src\SPINbuster.Infrastructure\SPINbuster.Infrastructure.csproj", "{24FB1234-FD0C-4BF1-ADCF-F06C8B6D2EA2}"
EndProject
Project("{FAE04EC0-301F-11D3-BF4B-00C04F79EFBC}") = "SPINbuster.Reporting", "src\SPINbuster.Reporting\SPINbuster.Reporting.csproj", "{BA5A6D21-8AD2-42FD-95DC-4839C332982F}"
EndProject
Project("{FAE04EC0-301F-11D3-BF4B-00C04F79EFBC}") = "SPINbuster.Rules", "src\SPINbuster.Rules\SPINbuster.Rules.csproj", "{D952A404-DED0-48C9-8BB7-EA3C99EF5BB3}"
EndProject
Project("{FAE04EC0-301F-11D3-BF4B-00C04F79EFBC}") = "SPINbuster.Server", "src\SPINbuster.Server\SPINbuster.Server.csproj", "{87FCE083-A1B4-4414-9858-70BE0BCBD026}"
EndProject
Project("{FAE04EC0-301F-11D3-BF4B-00C04F79EFBC}") = "SPINbuster.Shared", "src\SPINbuster.Shared\SPINbuster.Shared.csproj", "{85126AE6-2337-4D92-93EC-F39818009AD7}"
EndProject
Project("{FAE04EC0-301F-11D3-BF4B-00C04F79EFBC}") = "SPINbuster.AI.Tests", "tests\SPINbuster.AI.Tests\SPINbuster.AI.Tests.csproj", "{57817465-8BB5-4DF7-BA85-E52959D25D2F}"
EndProject
Project("{FAE04EC0-301F-11D3-BF4B-00C04F79EFBC}") = "SPINbuster.Application.Tests", "tests\SPINbuster.Application.Tests\SPINbuster.Application.Tests.csproj", "{A2CC6E29-461C-4F45-96A4-C2073923F6B9}"
EndProject
Project("{FAE04EC0-301F-11D3-BF4B-00C04F79EFBC}") = "SPINbuster.Desktop.Tests", "tests\SPINbuster.Desktop.Tests\SPINbuster.Desktop.Tests.csproj", "{712E6A1A-52DB-4E46-A9C7-240156781ACB}"
EndProject
Project("{FAE04EC0-301F-11D3-BF4B-00C04F79EFBC}") = "SPINbuster.Documents.Tests", "tests\SPINbuster.Documents.Tests\SPINbuster.Documents.Tests.csproj", "{47ECA9FE-130C-4912-9701-E76E314F9BA6}"
EndProject
Project("{FAE04EC0-301F-11D3-BF4B-00C04F79EFBC}") = "SPINbuster.Domain.Tests", "tests\SPINbuster.Domain.Tests\SPINbuster.Domain.Tests.csproj", "{58D1B424-A736-4C2B-9ECA-69E05FF5F3D2}"
EndProject
Project("{FAE04EC0-301F-11D3-BF4B-00C04F79EFBC}") = "SPINbuster.Infrastructure.Tests", "tests\SPINbuster.Infrastructure.Tests\SPINbuster.Infrastructure.Tests.csproj", "{1F75781F-25C6-4746-9B6A-3F024BF5235F}"
EndProject
Project("{FAE04EC0-301F-11D3-BF4B-00C04F79EFBC}") = "SPINbuster.Reporting.Tests", "tests\SPINbuster.Reporting.Tests\SPINbuster.Reporting.Tests.csproj", "{A73A7A76-41BD-4FDF-AF7F-7E2D95F78F42}"
EndProject
Project("{FAE04EC0-301F-11D3-BF4B-00C04F79EFBC}") = "SPINbuster.Rules.Tests", "tests\SPINbuster.Rules.Tests\SPINbuster.Rules.Tests.csproj", "{EA69850A-804B-4AE9-9221-642DBDEEEF1C}"
EndProject
Project("{FAE04EC0-301F-11D3-BF4B-00C04F79EFBC}") = "SPINbuster.Server.Tests", "tests\SPINbuster.Server.Tests\SPINbuster.Server.Tests.csproj", "{53683C21-7190-47EE-9097-D482ABF65A6A}"
EndProject
Project("{FAE04EC0-301F-11D3-BF4B-00C04F79EFBC}") = "SPINbuster.Shared.Tests", "tests\SPINbuster.Shared.Tests\SPINbuster.Shared.Tests.csproj", "{AFEFA2E4-4100-40B6-A5F0-54D54BE7023E}"
EndProject
Project("{2150E333-8FDC-42A3-9474-1A3956D46DE8}") = "tests", "tests", "{0AB3BF05-4346-4AA6-1389-037BE0695223}"
EndProject
Project("{FAE04EC0-301F-11D3-BF4B-00C04F79EFBC}") = "SPINbuster.Architecture.Tests", "tests\SPINbuster.Architecture.Tests\SPINbuster.Architecture.Tests.csproj", "{1A1355EF-90CD-4B79-B084-F08DC886FD82}"
EndProject
Global
	GlobalSection(SolutionConfigurationPlatforms) = preSolution
		Debug|Any CPU = Debug|Any CPU
		Debug|x64 = Debug|x64
		Debug|x86 = Debug|x86
		Release|Any CPU = Release|Any CPU
		Release|x64 = Release|x64
		Release|x86 = Release|x86
	EndGlobalSection
	GlobalSection(ProjectConfigurationPlatforms) = postSolution
		{1BC35744-2E59-41A6-A2EC-74EC05BAAFAC}.Debug|Any CPU.ActiveCfg = Debug|Any CPU
		{1BC35744-2E59-41A6-A2EC-74EC05BAAFAC}.Debug|Any CPU.Build.0 = Debug|Any CPU
		{1BC35744-2E59-41A6-A2EC-74EC05BAAFAC}.Debug|x64.ActiveCfg = Debug|Any CPU
		{1BC35744-2E59-41A6-A2EC-74EC05BAAFAC}.Debug|x64.Build.0 = Debug|Any CPU
		{1BC35744-2E59-41A6-A2EC-74EC05BAAFAC}.Debug|x86.ActiveCfg = Debug|Any CPU
		{1BC35744-2E59-41A6-A2EC-74EC05BAAFAC}.Debug|x86.Build.0 = Debug|Any CPU
		{1BC35744-2E59-41A6-A2EC-74EC05BAAFAC}.Release|Any CPU.ActiveCfg = Release|Any CPU
		{1BC35744-2E59-41A6-A2EC-74EC05BAAFAC}.Release|Any CPU.Build.0 = Release|Any CPU
		{1BC35744-2E59-41A6-A2EC-74EC05BAAFAC}.Release|x64.ActiveCfg = Release|Any CPU
		{1BC35744-2E59-41A6-A2EC-74EC05BAAFAC}.Release|x64.Build.0 = Release|Any CPU
		{1BC35744-2E59-41A6-A2EC-74EC05BAAFAC}.Release|x86.ActiveCfg = Release|Any CPU
		{1BC35744-2E59-41A6-A2EC-74EC05BAAFAC}.Release|x86.Build.0 = Release|Any CPU
		{AC11624A-BD79-44E5-ADD1-C90C35AF37F9}.Debug|Any CPU.ActiveCfg = Debug|Any CPU
		{AC11624A-BD79-44E5-ADD1-C90C35AF37F9}.Debug|Any CPU.Build.0 = Debug|Any CPU
		{AC11624A-BD79-44E5-ADD1-C90C35AF37F9}.Debug|x64.ActiveCfg = Debug|Any CPU
		{AC11624A-BD79-44E5-ADD1-C90C35AF37F9}.Debug|x64.Build.0 = Debug|Any CPU
		{AC11624A-BD79-44E5-ADD1-C90C35AF37F9}.Debug|x86.ActiveCfg = Debug|Any CPU
		{AC11624A-BD79-44E5-ADD1-C90C35AF37F9}.Debug|x86.Build.0 = Debug|Any CPU
		{AC11624A-BD79-44E5-ADD1-C90C35AF37F9}.Release|Any CPU.ActiveCfg = Release|Any CPU
		{AC11624A-BD79-44E5-ADD1-C90C35AF37F9}.Release|Any CPU.Build.0 = Release|Any CPU
		{AC11624A-BD79-44E5-ADD1-C90C35AF37F9}.Release|x64.ActiveCfg = Release|Any CPU
		{AC11624A-BD79-44E5-ADD1-C90C35AF37F9}.Release|x64.Build.0 = Release|Any CPU
		{AC11624A-BD79-44E5-ADD1-C90C35AF37F9}.Release|x86.ActiveCfg = Release|Any CPU
		{AC11624A-BD79-44E5-ADD1-C90C35AF37F9}.Release|x86.Build.0 = Release|Any CPU
		{0CC74C8E-0F9F-4C33-9929-7C3A966BC3BA}.Debug|Any CPU.ActiveCfg = Debug|Any CPU
		{0CC74C8E-0F9F-4C33-9929-7C3A966BC3BA}.Debug|Any CPU.Build.0 = Debug|Any CPU
		{0CC74C8E-0F9F-4C33-9929-7C3A966BC3BA}.Debug|x64.ActiveCfg = Debug|Any CPU
		{0CC74C8E-0F9F-4C33-9929-7C3A966BC3BA}.Debug|x64.Build.0 = Debug|Any CPU
		{0CC74C8E-0F9F-4C33-9929-7C3A966BC3BA}.Debug|x86.ActiveCfg = Debug|Any CPU
		{0CC74C8E-0F9F-4C33-9929-7C3A966BC3BA}.Debug|x86.Build.0 = Debug|Any CPU
		{0CC74C8E-0F9F-4C33-9929-7C3A966BC3BA}.Release|Any CPU.ActiveCfg = Release|Any CPU
		{0CC74C8E-0F9F-4C33-9929-7C3A966BC3BA}.Release|Any CPU.Build.0 = Release|Any CPU
		{0CC74C8E-0F9F-4C33-9929-7C3A966BC3BA}.Release|x64.ActiveCfg = Release|Any CPU
		{0CC74C8E-0F9F-4C33-9929-7C3A966BC3BA}.Release|x64.Build.0 = Release|Any CPU
		{0CC74C8E-0F9F-4C33-9929-7C3A966BC3BA}.Release|x86.ActiveCfg = Release|Any CPU
		{0CC74C8E-0F9F-4C33-9929-7C3A966BC3BA}.Release|x86.Build.0 = Release|Any CPU
		{B69F458D-7F76-49DA-BEF0-3110B9B97313}.Debug|Any CPU.ActiveCfg = Debug|Any CPU
		{B69F458D-7F76-49DA-BEF0-3110B9B97313}.Debug|Any CPU.Build.0 = Debug|Any CPU
		{B69F458D-7F76-49DA-BEF0-3110B9B97313}.Debug|x64.ActiveCfg = Debug|Any CPU
		{B69F458D-7F76-49DA-BEF0-3110B9B97313}.Debug|x64.Build.0 = Debug|Any CPU
		{B69F458D-7F76-49DA-BEF0-3110B9B97313}.Debug|x86.ActiveCfg = Debug|Any CPU
		{B69F458D-7F76-49DA-BEF0-3110B9B97313}.Debug|x86.Build.0 = Debug|Any CPU
		{B69F458D-7F76-49DA-BEF0-3110B9B97313}.Release|Any CPU.ActiveCfg = Release|Any CPU
		{B69F458D-7F76-49DA-BEF0-3110B9B97313}.Release|Any CPU.Build.0 = Release|Any CPU
		{B69F458D-7F76-49DA-BEF0-3110B9B97313}.Release|x64.ActiveCfg = Release|Any CPU
		{B69F458D-7F76-49DA-BEF0-3110B9B97313}.Release|x64.Build.0 = Release|Any CPU
		{B69F458D-7F76-49DA-BEF0-3110B9B97313}.Release|x86.ActiveCfg = Release|Any CPU
		{B69F458D-7F76-49DA-BEF0-3110B9B97313}.Release|x86.Build.0 = Release|Any CPU
		{C9D564E0-7FEE-4F16-B98F-9BF85B06315B}.Debug|Any CPU.ActiveCfg = Debug|Any CPU
		{C9D564E0-7FEE-4F16-B98F-9BF85B06315B}.Debug|Any CPU.Build.0 = Debug|Any CPU
		{C9D564E0-7FEE-4F16-B98F-9BF85B06315B}.Debug|x64.ActiveCfg = Debug|Any CPU
		{C9D564E0-7FEE-4F16-B98F-9BF85B06315B}.Debug|x64.Build.0 = Debug|Any CPU
		{C9D564E0-7FEE-4F16-B98F-9BF85B06315B}.Debug|x86.ActiveCfg = Debug|Any CPU
		{C9D564E0-7FEE-4F16-B98F-9BF85B06315B}.Debug|x86.Build.0 = Debug|Any CPU
		{C9D564E0-7FEE-4F16-B98F-9BF85B06315B}.Release|Any CPU.ActiveCfg = Release|Any CPU
		{C9D564E0-7FEE-4F16-B98F-9BF85B06315B}.Release|Any CPU.Build.0 = Release|Any CPU
		{C9D564E0-7FEE-4F16-B98F-9BF85B06315B}.Release|x64.ActiveCfg = Release|Any CPU
		{C9D564E0-7FEE-4F16-B98F-9BF85B06315B}.Release|x64.Build.0 = Release|Any CPU
		{C9D564E0-7FEE-4F16-B98F-9BF85B06315B}.Release|x86.ActiveCfg = Release|Any CPU
		{C9D564E0-7FEE-4F16-B98F-9BF85B06315B}.Release|x86.Build.0 = Release|Any CPU
		{24FB1234-FD0C-4BF1-ADCF-F06C8B6D2EA2}.Debug|Any CPU.ActiveCfg = Debug|Any CPU
		{24FB1234-FD0C-4BF1-ADCF-F06C8B6D2EA2}.Debug|Any CPU.Build.0 = Debug|Any CPU
		{24FB1234-FD0C-4BF1-ADCF-F06C8B6D2EA2}.Debug|x64.ActiveCfg = Debug|Any CPU
		{24FB1234-FD0C-4BF1-ADCF-F06C8B6D2EA2}.Debug|x64.Build.0 = Debug|Any CPU
		{24FB1234-FD0C-4BF1-ADCF-F06C8B6D2EA2}.Debug|x86.ActiveCfg = Debug|Any CPU
		{24FB1234-FD0C-4BF1-ADCF-F06C8B6D2EA2}.Debug|x86.Build.0 = Debug|Any CPU
		{24FB1234-FD0C-4BF1-ADCF-F06C8B6D2EA2}.Release|Any CPU.ActiveCfg = Release|Any CPU
		{24FB1234-FD0C-4BF1-ADCF-F06C8B6D2EA2}.Release|Any CPU.Build.0 = Release|Any CPU
		{24FB1234-FD0C-4BF1-ADCF-F06C8B6D2EA2}.Release|x64.ActiveCfg = Release|Any CPU
		{24FB1234-FD0C-4BF1-ADCF-F06C8B6D2EA2}.Release|x64.Build.0 = Release|Any CPU
		{24FB1234-FD0C-4BF1-ADCF-F06C8B6D2EA2}.Release|x86.ActiveCfg = Release|Any CPU
		{24FB1234-FD0C-4BF1-ADCF-F06C8B6D2EA2}.Release|x86.Build.0 = Release|Any CPU
		{BA5A6D21-8AD2-42FD-95DC-4839C332982F}.Debug|Any CPU.ActiveCfg = Debug|Any CPU
		{BA5A6D21-8AD2-42FD-95DC-4839C332982F}.Debug|Any CPU.Build.0 = Debug|Any CPU
		{BA5A6D21-8AD2-42FD-95DC-4839C332982F}.Debug|x64.ActiveCfg = Debug|Any CPU
		{BA5A6D21-8AD2-42FD-95DC-4839C332982F}.Debug|x64.Build.0 = Debug|Any CPU
		{BA5A6D21-8AD2-42FD-95DC-4839C332982F}.Debug|x86.ActiveCfg = Debug|Any CPU
		{BA5A6D21-8AD2-42FD-95DC-4839C332982F}.Debug|x86.Build.0 = Debug|Any CPU
		{BA5A6D21-8AD2-42FD-95DC-4839C332982F}.Release|Any CPU.ActiveCfg = Release|Any CPU
		{BA5A6D21-8AD2-42FD-95DC-4839C332982F}.Release|Any CPU.Build.0 = Release|Any CPU
		{BA5A6D21-8AD2-42FD-95DC-4839C332982F}.Release|x64.ActiveCfg = Release|Any CPU
		{BA5A6D21-8AD2-42FD-95DC-4839C332982F}.Release|x64.Build.0 = Release|Any CPU
		{BA5A6D21-8AD2-42FD-95DC-4839C332982F}.Release|x86.ActiveCfg = Release|Any CPU
		{BA5A6D21-8AD2-42FD-95DC-4839C332982F}.Release|x86.Build.0 = Release|Any CPU
		{D952A404-DED0-48C9-8BB7-EA3C99EF5BB3}.Debug|Any CPU.ActiveCfg = Debug|Any CPU
		{D952A404-DED0-48C9-8BB7-EA3C99EF5BB3}.Debug|Any CPU.Build.0 = Debug|Any CPU
		{D952A404-DED0-48C9-8BB7-EA3C99EF5BB3}.Debug|x64.ActiveCfg = Debug|Any CPU
		{D952A404-DED0-48C9-8BB7-EA3C99EF5BB3}.Debug|x64.Build.0 = Debug|Any CPU
		{D952A404-DED0-48C9-8BB7-EA3C99EF5BB3}.Debug|x86.ActiveCfg = Debug|Any CPU
		{D952A404-DED0-48C9-8BB7-EA3C99EF5BB3}.Debug|x86.Build.0 = Debug|Any CPU
		{D952A404-DED0-48C9-8BB7-EA3C99EF5BB3}.Release|Any CPU.ActiveCfg = Release|Any CPU
		{D952A404-DED0-48C9-8BB7-EA3C99EF5BB3}.Release|Any CPU.Build.0 = Release|Any CPU
		{D952A404-DED0-48C9-8BB7-EA3C99EF5BB3}.Release|x64.ActiveCfg = Release|Any CPU
		{D952A404-DED0-48C9-8BB7-EA3C99EF5BB3}.Release|x64.Build.0 = Release|Any CPU
		{D952A404-DED0-48C9-8BB7-EA3C99EF5BB3}.Release|x86.ActiveCfg = Release|Any CPU
		{D952A404-DED0-48C9-8BB7-EA3C99EF5BB3}.Release|x86.Build.0 = Release|Any CPU
		{87FCE083-A1B4-4414-9858-70BE0BCBD026}.Debug|Any CPU.ActiveCfg = Debug|Any CPU
		{87FCE083-A1B4-4414-9858-70BE0BCBD026}.Debug|Any CPU.Build.0 = Debug|Any CPU
		{87FCE083-A1B4-4414-9858-70BE0BCBD026}.Debug|x64.ActiveCfg = Debug|Any CPU
		{87FCE083-A1B4-4414-9858-70BE0BCBD026}.Debug|x64.Build.0 = Debug|Any CPU
		{87FCE083-A1B4-4414-9858-70BE0BCBD026}.Debug|x86.ActiveCfg = Debug|Any CPU
		{87FCE083-A1B4-4414-9858-70BE0BCBD026}.Debug|x86.Build.0 = Debug|Any CPU
		{87FCE083-A1B4-4414-9858-70BE0BCBD026}.Release|Any CPU.ActiveCfg = Release|Any CPU
		{87FCE083-A1B4-4414-9858-70BE0BCBD026}.Release|Any CPU.Build.0 = Release|Any CPU
		{87FCE083-A1B4-4414-9858-70BE0BCBD026}.Release|x64.ActiveCfg = Release|Any CPU
		{87FCE083-A1B4-4414-9858-70BE0BCBD026}.Release|x64.Build.0 = Release|Any CPU
		{87FCE083-A1B4-4414-9858-70BE0BCBD026}.Release|x86.ActiveCfg = Release|Any CPU
		{87FCE083-A1B4-4414-9858-70BE0BCBD026}.Release|x86.Build.0 = Release|Any CPU
		{85126AE6-2337-4D92-93EC-F39818009AD7}.Debug|Any CPU.ActiveCfg = Debug|Any CPU
		{85126AE6-2337-4D92-93EC-F39818009AD7}.Debug|Any CPU.Build.0 = Debug|Any CPU
		{85126AE6-2337-4D92-93EC-F39818009AD7}.Debug|x64.ActiveCfg = Debug|Any CPU
		{85126AE6-2337-4D92-93EC-F39818009AD7}.Debug|x64.Build.0 = Debug|Any CPU
		{85126AE6-2337-4D92-93EC-F39818009AD7}.Debug|x86.ActiveCfg = Debug|Any CPU
		{85126AE6-2337-4D92-93EC-F39818009AD7}.Debug|x86.Build.0 = Debug|Any CPU
		{85126AE6-2337-4D92-93EC-F39818009AD7}.Release|Any CPU.ActiveCfg = Release|Any CPU
		{85126AE6-2337-4D92-93EC-F39818009AD7}.Release|Any CPU.Build.0 = Release|Any CPU
		{85126AE6-2337-4D92-93EC-F39818009AD7}.Release|x64.ActiveCfg = Release|Any CPU
		{85126AE6-2337-4D92-93EC-F39818009AD7}.Release|x64.Build.0 = Release|Any CPU
		{85126AE6-2337-4D92-93EC-F39818009AD7}.Release|x86.ActiveCfg = Release|Any CPU
		{85126AE6-2337-4D92-93EC-F39818009AD7}.Release|x86.Build.0 = Release|Any CPU
		{57817465-8BB5-4DF7-BA85-E52959D25D2F}.Debug|Any CPU.ActiveCfg = Debug|Any CPU
		{57817465-8BB5-4DF7-BA85-E52959D25D2F}.Debug|Any CPU.Build.0 = Debug|Any CPU
		{57817465-8BB5-4DF7-BA85-E52959D25D2F}.Debug|x64.ActiveCfg = Debug|Any CPU
		{57817465-8BB5-4DF7-BA85-E52959D25D2F}.Debug|x64.Build.0 = Debug|Any CPU
		{57817465-8BB5-4DF7-BA85-E52959D25D2F}.Debug|x86.ActiveCfg = Debug|Any CPU
		{57817465-8BB5-4DF7-BA85-E52959D25D2F}.Debug|x86.Build.0 = Debug|Any CPU
		{57817465-8BB5-4DF7-BA85-E52959D25D2F}.Release|Any CPU.ActiveCfg = Release|Any CPU
		{57817465-8BB5-4DF7-BA85-E52959D25D2F}.Release|Any CPU.Build.0 = Release|Any CPU
		{57817465-8BB5-4DF7-BA85-E52959D25D2F}.Release|x64.ActiveCfg = Release|Any CPU
		{57817465-8BB5-4DF7-BA85-E52959D25D2F}.Release|x64.Build.0 = Release|Any CPU
		{57817465-8BB5-4DF7-BA85-E52959D25D2F}.Release|x86.ActiveCfg = Release|Any CPU
		{57817465-8BB5-4DF7-BA85-E52959D25D2F}.Release|x86.Build.0 = Release|Any CPU
		{A2CC6E29-461C-4F45-96A4-C2073923F6B9}.Debug|Any CPU.ActiveCfg = Debug|Any CPU
		{A2CC6E29-461C-4F45-96A4-C2073923F6B9}.Debug|Any CPU.Build.0 = Debug|Any CPU
		{A2CC6E29-461C-4F45-96A4-C2073923F6B9}.Debug|x64.ActiveCfg = Debug|Any CPU
		{A2CC6E29-461C-4F45-96A4-C2073923F6B9}.Debug|x64.Build.0 = Debug|Any CPU
		{A2CC6E29-461C-4F45-96A4-C2073923F6B9}.Debug|x86.ActiveCfg = Debug|Any CPU
		{A2CC6E29-461C-4F45-96A4-C2073923F6B9}.Debug|x86.Build.0 = Debug|Any CPU
		{A2CC6E29-461C-4F45-96A4-C2073923F6B9}.Release|Any CPU.ActiveCfg = Release|Any CPU
		{A2CC6E29-461C-4F45-96A4-C2073923F6B9}.Release|Any CPU.Build.0 = Release|Any CPU
		{A2CC6E29-461C-4F45-96A4-C2073923F6B9}.Release|x64.ActiveCfg = Release|Any CPU
		{A2CC6E29-461C-4F45-96A4-C2073923F6B9}.Release|x64.Build.0 = Release|Any CPU
		{A2CC6E29-461C-4F45-96A4-C2073923F6B9}.Release|x86.ActiveCfg = Release|Any CPU
		{A2CC6E29-461C-4F45-96A4-C2073923F6B9}.Release|x86.Build.0 = Release|Any CPU
		{712E6A1A-52DB-4E46-A9C7-240156781ACB}.Debug|Any CPU.ActiveCfg = Debug|Any CPU
		{712E6A1A-52DB-4E46-A9C7-240156781ACB}.Debug|Any CPU.Build.0 = Debug|Any CPU
		{712E6A1A-52DB-4E46-A9C7-240156781ACB}.Debug|x64.ActiveCfg = Debug|Any CPU
		{712E6A1A-52DB-4E46-A9C7-240156781ACB}.Debug|x64.Build.0 = Debug|Any CPU
		{712E6A1A-52DB-4E46-A9C7-240156781ACB}.Debug|x86.ActiveCfg = Debug|Any CPU
		{712E6A1A-52DB-4E46-A9C7-240156781ACB}.Debug|x86.Build.0 = Debug|Any CPU
		{712E6A1A-52DB-4E46-A9C7-240156781ACB}.Release|Any CPU.ActiveCfg = Release|Any CPU
		{712E6A1A-52DB-4E46-A9C7-240156781ACB}.Release|Any CPU.Build.0 = Release|Any CPU
		{712E6A1A-52DB-4E46-A9C7-240156781ACB}.Release|x64.ActiveCfg = Release|Any CPU
		{712E6A1A-52DB-4E46-A9C7-240156781ACB}.Release|x64.Build.0 = Release|Any CPU
		{712E6A1A-52DB-4E46-A9C7-240156781ACB}.Release|x86.ActiveCfg = Release|Any CPU
		{712E6A1A-52DB-4E46-A9C7-240156781ACB}.Release|x86.Build.0 = Release|Any CPU
		{47ECA9FE-130C-4912-9701-E76E314F9BA6}.Debug|Any CPU.ActiveCfg = Debug|Any CPU
		{47ECA9FE-130C-4912-9701-E76E314F9BA6}.Debug|Any CPU.Build.0 = Debug|Any CPU
		{47ECA9FE-130C-4912-9701-E76E314F9BA6}.Debug|x64.ActiveCfg = Debug|Any CPU
		{47ECA9FE-130C-4912-9701-E76E314F9BA6}.Debug|x64.Build.0 = Debug|Any CPU
		{47ECA9FE-130C-4912-9701-E76E314F9BA6}.Debug|x86.ActiveCfg = Debug|Any CPU
		{47ECA9FE-130C-4912-9701-E76E314F9BA6}.Debug|x86.Build.0 = Debug|Any CPU
		{47ECA9FE-130C-4912-9701-E76E314F9BA6}.Release|Any CPU.ActiveCfg = Release|Any CPU
		{47ECA9FE-130C-4912-9701-E76E314F9BA6}.Release|Any CPU.Build.0 = Release|Any CPU
		{47ECA9FE-130C-4912-9701-E76E314F9BA6}.Release|x64.ActiveCfg = Release|Any CPU
		{47ECA9FE-130C-4912-9701-E76E314F9BA6}.Release|x64.Build.0 = Release|Any CPU
		{47ECA9FE-130C-4912-9701-E76E314F9BA6}.Release|x86.ActiveCfg = Release|Any CPU
		{47ECA9FE-130C-4912-9701-E76E314F9BA6}.Release|x86.Build.0 = Release|Any CPU
		{58D1B424-A736-4C2B-9ECA-69E05FF5F3D2}.Debug|Any CPU.ActiveCfg = Debug|Any CPU
		{58D1B424-A736-4C2B-9ECA-69E05FF5F3D2}.Debug|Any CPU.Build.0 = Debug|Any CPU
		{58D1B424-A736-4C2B-9ECA-69E05FF5F3D2}.Debug|x64.ActiveCfg = Debug|Any CPU
		{58D1B424-A736-4C2B-9ECA-69E05FF5F3D2}.Debug|x64.Build.0 = Debug|Any CPU
		{58D1B424-A736-4C2B-9ECA-69E05FF5F3D2}.Debug|x86.ActiveCfg = Debug|Any CPU
		{58D1B424-A736-4C2B-9ECA-69E05FF5F3D2}.Debug|x86.Build.0 = Debug|Any CPU
		{58D1B424-A736-4C2B-9ECA-69E05FF5F3D2}.Release|Any CPU.ActiveCfg = Release|Any CPU
		{58D1B424-A736-4C2B-9ECA-69E05FF5F3D2}.Release|Any CPU.Build.0 = Release|Any CPU
		{58D1B424-A736-4C2B-9ECA-69E05FF5F3D2}.Release|x64.ActiveCfg = Release|Any CPU
		{58D1B424-A736-4C2B-9ECA-69E05FF5F3D2}.Release|x64.Build.0 = Release|Any CPU
		{58D1B424-A736-4C2B-9ECA-69E05FF5F3D2}.Release|x86.ActiveCfg = Release|Any CPU
		{58D1B424-A736-4C2B-9ECA-69E05FF5F3D2}.Release|x86.Build.0 = Release|Any CPU
		{1F75781F-25C6-4746-9B6A-3F024BF5235F}.Debug|Any CPU.ActiveCfg = Debug|Any CPU
		{1F75781F-25C6-4746-9B6A-3F024BF5235F}.Debug|Any CPU.Build.0 = Debug|Any CPU
		{1F75781F-25C6-4746-9B6A-3F024BF5235F}.Debug|x64.ActiveCfg = Debug|Any CPU
		{1F75781F-25C6-4746-9B6A-3F024BF5235F}.Debug|x64.Build.0 = Debug|Any CPU
		{1F75781F-25C6-4746-9B6A-3F024BF5235F}.Debug|x86.ActiveCfg = Debug|Any CPU
		{1F75781F-25C6-4746-9B6A-3F024BF5235F}.Debug|x86.Build.0 = Debug|Any CPU
		{1F75781F-25C6-4746-9B6A-3F024BF5235F}.Release|Any CPU.ActiveCfg = Release|Any CPU
		{1F75781F-25C6-4746-9B6A-3F024BF5235F}.Release|Any CPU.Build.0 = Release|Any CPU
		{1F75781F-25C6-4746-9B6A-3F024BF5235F}.Release|x64.ActiveCfg = Release|Any CPU
		{1F75781F-25C6-4746-9B6A-3F024BF5235F}.Release|x64.Build.0 = Release|Any CPU
		{1F75781F-25C6-4746-9B6A-3F024BF5235F}.Release|x86.ActiveCfg = Release|Any CPU
		{1F75781F-25C6-4746-9B6A-3F024BF5235F}.Release|x86.Build.0 = Release|Any CPU
		{A73A7A76-41BD-4FDF-AF7F-7E2D95F78F42}.Debug|Any CPU.ActiveCfg = Debug|Any CPU
		{A73A7A76-41BD-4FDF-AF7F-7E2D95F78F42}.Debug|Any CPU.Build.0 = Debug|Any CPU
		{A73A7A76-41BD-4FDF-AF7F-7E2D95F78F42}.Debug|x64.ActiveCfg = Debug|Any CPU
		{A73A7A76-41BD-4FDF-AF7F-7E2D95F78F42}.Debug|x64.Build.0 = Debug|Any CPU
		{A73A7A76-41BD-4FDF-AF7F-7E2D95F78F42}.Debug|x86.ActiveCfg = Debug|Any CPU
		{A73A7A76-41BD-4FDF-AF7F-7E2D95F78F42}.Debug|x86.Build.0 = Debug|Any CPU
		{A73A7A76-41BD-4FDF-AF7F-7E2D95F78F42}.Release|Any CPU.ActiveCfg = Release|Any CPU
		{A73A7A76-41BD-4FDF-AF7F-7E2D95F78F42}.Release|Any CPU.Build.0 = Release|Any CPU
		{A73A7A76-41BD-4FDF-AF7F-7E2D95F78F42}.Release|x64.ActiveCfg = Release|Any CPU
		{A73A7A76-41BD-4FDF-AF7F-7E2D95F78F42}.Release|x64.Build.0 = Release|Any CPU
		{A73A7A76-41BD-4FDF-AF7F-7E2D95F78F42}.Release|x86.ActiveCfg = Release|Any CPU
		{A73A7A76-41BD-4FDF-AF7F-7E2D95F78F42}.Release|x86.Build.0 = Release|Any CPU
		{EA69850A-804B-4AE9-9221-642DBDEEEF1C}.Debug|Any CPU.ActiveCfg = Debug|Any CPU
		{EA69850A-804B-4AE9-9221-642DBDEEEF1C}.Debug|Any CPU.Build.0 = Debug|Any CPU
		{EA69850A-804B-4AE9-9221-642DBDEEEF1C}.Debug|x64.ActiveCfg = Debug|Any CPU
		{EA69850A-804B-4AE9-9221-642DBDEEEF1C}.Debug|x64.Build.0 = Debug|Any CPU
		{EA69850A-804B-4AE9-9221-642DBDEEEF1C}.Debug|x86.ActiveCfg = Debug|Any CPU
		{EA69850A-804B-4AE9-9221-642DBDEEEF1C}.Debug|x86.Build.0 = Debug|Any CPU
		{EA69850A-804B-4AE9-9221-642DBDEEEF1C}.Release|Any CPU.ActiveCfg = Release|Any CPU
		{EA69850A-804B-4AE9-9221-642DBDEEEF1C}.Release|Any CPU.Build.0 = Release|Any CPU
		{EA69850A-804B-4AE9-9221-642DBDEEEF1C}.Release|x64.ActiveCfg = Release|Any CPU
		{EA69850A-804B-4AE9-9221-642DBDEEEF1C}.Release|x64.Build.0 = Release|Any CPU
		{EA69850A-804B-4AE9-9221-642DBDEEEF1C}.Release|x86.ActiveCfg = Release|Any CPU
		{EA69850A-804B-4AE9-9221-642DBDEEEF1C}.Release|x86.Build.0 = Release|Any CPU
		{53683C21-7190-47EE-9097-D482ABF65A6A}.Debug|Any CPU.ActiveCfg = Debug|Any CPU
		{53683C21-7190-47EE-9097-D482ABF65A6A}.Debug|Any CPU.Build.0 = Debug|Any CPU
		{53683C21-7190-47EE-9097-D482ABF65A6A}.Debug|x64.ActiveCfg = Debug|Any CPU
		{53683C21-7190-47EE-9097-D482ABF65A6A}.Debug|x64.Build.0 = Debug|Any CPU
		{53683C21-7190-47EE-9097-D482ABF65A6A}.Debug|x86.ActiveCfg = Debug|Any CPU
		{53683C21-7190-47EE-9097-D482ABF65A6A}.Debug|x86.Build.0 = Debug|Any CPU
		{53683C21-7190-47EE-9097-D482ABF65A6A}.Release|Any CPU.ActiveCfg = Release|Any CPU
		{53683C21-7190-47EE-9097-D482ABF65A6A}.Release|Any CPU.Build.0 = Release|Any CPU
		{53683C21-7190-47EE-9097-D482ABF65A6A}.Release|x64.ActiveCfg = Release|Any CPU
		{53683C21-7190-47EE-9097-D482ABF65A6A}.Release|x64.Build.0 = Release|Any CPU
		{53683C21-7190-47EE-9097-D482ABF65A6A}.Release|x86.ActiveCfg = Release|Any CPU
		{53683C21-7190-47EE-9097-D482ABF65A6A}.Release|x86.Build.0 = Release|Any CPU
		{AFEFA2E4-4100-40B6-A5F0-54D54BE7023E}.Debug|Any CPU.ActiveCfg = Debug|Any CPU
		{AFEFA2E4-4100-40B6-A5F0-54D54BE7023E}.Debug|Any CPU.Build.0 = Debug|Any CPU
		{AFEFA2E4-4100-40B6-A5F0-54D54BE7023E}.Debug|x64.ActiveCfg = Debug|Any CPU
		{AFEFA2E4-4100-40B6-A5F0-54D54BE7023E}.Debug|x64.Build.0 = Debug|Any CPU
		{AFEFA2E4-4100-40B6-A5F0-54D54BE7023E}.Debug|x86.ActiveCfg = Debug|Any CPU
		{AFEFA2E4-4100-40B6-A5F0-54D54BE7023E}.Debug|x86.Build.0 = Debug|Any CPU
		{AFEFA2E4-4100-40B6-A5F0-54D54BE7023E}.Release|Any CPU.ActiveCfg = Release|Any CPU
		{AFEFA2E4-4100-40B6-A5F0-54D54BE7023E}.Release|Any CPU.Build.0 = Release|Any CPU
		{AFEFA2E4-4100-40B6-A5F0-54D54BE7023E}.Release|x64.ActiveCfg = Release|Any CPU
		{AFEFA2E4-4100-40B6-A5F0-54D54BE7023E}.Release|x64.Build.0 = Release|Any CPU
		{AFEFA2E4-4100-40B6-A5F0-54D54BE7023E}.Release|x86.ActiveCfg = Release|Any CPU
		{AFEFA2E4-4100-40B6-A5F0-54D54BE7023E}.Release|x86.Build.0 = Release|Any CPU
		{1A1355EF-90CD-4B79-B084-F08DC886FD82}.Debug|Any CPU.ActiveCfg = Debug|Any CPU
		{1A1355EF-90CD-4B79-B084-F08DC886FD82}.Debug|Any CPU.Build.0 = Debug|Any CPU
		{1A1355EF-90CD-4B79-B084-F08DC886FD82}.Debug|x64.ActiveCfg = Debug|Any CPU
		{1A1355EF-90CD-4B79-B084-F08DC886FD82}.Debug|x64.Build.0 = Debug|Any CPU
		{1A1355EF-90CD-4B79-B084-F08DC886FD82}.Debug|x86.ActiveCfg = Debug|Any CPU
		{1A1355EF-90CD-4B79-B084-F08DC886FD82}.Debug|x86.Build.0 = Debug|Any CPU
		{1A1355EF-90CD-4B79-B084-F08DC886FD82}.Release|Any CPU.ActiveCfg = Release|Any CPU
		{1A1355EF-90CD-4B79-B084-F08DC886FD82}.Release|Any CPU.Build.0 = Release|Any CPU
		{1A1355EF-90CD-4B79-B084-F08DC886FD82}.Release|x64.ActiveCfg = Release|Any CPU
		{1A1355EF-90CD-4B79-B084-F08DC886FD82}.Release|x64.Build.0 = Release|Any CPU
		{1A1355EF-90CD-4B79-B084-F08DC886FD82}.Release|x86.ActiveCfg = Release|Any CPU
		{1A1355EF-90CD-4B79-B084-F08DC886FD82}.Release|x86.Build.0 = Release|Any CPU
	EndGlobalSection
	GlobalSection(SolutionProperties) = preSolution
		HideSolutionNode = FALSE
	EndGlobalSection
	GlobalSection(NestedProjects) = preSolution
		{1BC35744-2E59-41A6-A2EC-74EC05BAAFAC} = {827E0CD3-B72D-47B6-A68D-7590B98EB39B}
		{AC11624A-BD79-44E5-ADD1-C90C35AF37F9} = {827E0CD3-B72D-47B6-A68D-7590B98EB39B}
		{0CC74C8E-0F9F-4C33-9929-7C3A966BC3BA} = {827E0CD3-B72D-47B6-A68D-7590B98EB39B}
		{B69F458D-7F76-49DA-BEF0-3110B9B97313} = {827E0CD3-B72D-47B6-A68D-7590B98EB39B}
		{C9D564E0-7FEE-4F16-B98F-9BF85B06315B} = {827E0CD3-B72D-47B6-A68D-7590B98EB39B}
		{24FB1234-FD0C-4BF1-ADCF-F06C8B6D2EA2} = {827E0CD3-B72D-47B6-A68D-7590B98EB39B}
		{BA5A6D21-8AD2-42FD-95DC-4839C332982F} = {827E0CD3-B72D-47B6-A68D-7590B98EB39B}
		{D952A404-DED0-48C9-8BB7-EA3C99EF5BB3} = {827E0CD3-B72D-47B6-A68D-7590B98EB39B}
		{87FCE083-A1B4-4414-9858-70BE0BCBD026} = {827E0CD3-B72D-47B6-A68D-7590B98EB39B}
		{85126AE6-2337-4D92-93EC-F39818009AD7} = {827E0CD3-B72D-47B6-A68D-7590B98EB39B}
		{57817465-8BB5-4DF7-BA85-E52959D25D2F} = {827E0CD3-B72D-47B6-A68D-7590B98EB39B}
		{A2CC6E29-461C-4F45-96A4-C2073923F6B9} = {827E0CD3-B72D-47B6-A68D-7590B98EB39B}
		{712E6A1A-52DB-4E46-A9C7-240156781ACB} = {827E0CD3-B72D-47B6-A68D-7590B98EB39B}
		{47ECA9FE-130C-4912-9701-E76E314F9BA6} = {827E0CD3-B72D-47B6-A68D-7590B98EB39B}
		{58D1B424-A736-4C2B-9ECA-69E05FF5F3D2} = {827E0CD3-B72D-47B6-A68D-7590B98EB39B}
		{1F75781F-25C6-4746-9B6A-3F024BF5235F} = {827E0CD3-B72D-47B6-A68D-7590B98EB39B}
		{A73A7A76-41BD-4FDF-AF7F-7E2D95F78F42} = {827E0CD3-B72D-47B6-A68D-7590B98EB39B}
		{EA69850A-804B-4AE9-9221-642DBDEEEF1C} = {827E0CD3-B72D-47B6-A68D-7590B98EB39B}
		{53683C21-7190-47EE-9097-D482ABF65A6A} = {827E0CD3-B72D-47B6-A68D-7590B98EB39B}
		{AFEFA2E4-4100-40B6-A5F0-54D54BE7023E} = {827E0CD3-B72D-47B6-A68D-7590B98EB39B}
		{1A1355EF-90CD-4B79-B084-F08DC886FD82} = {0AB3BF05-4346-4AA6-1389-037BE0695223}
	EndGlobalSection
EndGlobal
